Microsoft Visual Studio Solution File, Format Version 12.00
# Visual Studio 15
VisualStudioVersion = 15.0.27130.2003
MinimumVisualStudioVersion = 10.0.40219.1
Project("{8BC9CEB8-8B4A-11D0-8D11-00A0C91BC942}") = "PutPixel", "PutPixel\PutPixel.vcxproj", "{0D29535B-C852-4B05-9598-E4E9BF5E230D}"
	ProjectSection(ProjectDependencies) = postProject
		{7078A796-5528-4780-B71B-ABDD0955339A} = {7078A796-5528-4780-B71B-ABDD0955339A}
	EndProjectSection
EndProject
Project("{8BC9CEB8-8B4A-11D0-8D11-00A0C91BC942}") = "glew_shared", "..\Libs\glew\build\vc12\glew_shared.vcxproj", "{55AE3D72-7DE6-F19F-AEF2-9AE8CA26CF3D}"
EndProject
Project("{8BC9CEB8-8B4A-11D0-8D11-00A0C91BC942}") = "CopyLibs", "..\CopyLibs\CopyLibs.vcxproj", "{7078A796-5528-4780-B71B-ABDD0955339A}"
	ProjectSection(ProjectDependencies) = postProject
		{55AE3D72-7DE6-F19F-AEF2-9AE8CA26CF3D} = {55AE3D72-7DE6-F19F-AEF2-9AE8CA26CF3D}
	EndProjectSection
EndProject
Project("{8BC9CEB8-8B4A-11D0-8D11-00A0C91BC942}") = "Prueba", "Prueba\Prueba.vcxproj", "{426BF13C-F03E-48AF-8B7C-EC6EE3E2B4DC}"
EndProject
Project("{8BC9CEB8-8B4A-11D0-8D11-00A0C91BC942}") = "Linea", "Linea\Linea.vcxproj", "{670D9D78-166D-406E-952C-6B8CD787E899}"
EndProject
Project("{8BC9CEB8-8B4A-11D0-8D11-00A0C91BC942}") = "Figuras", "Figuras\Figuras.vcxproj", "{99142492-8D91-4E88-B6DC-4293F79141B6}"
EndProject
Project("{8BC9CEB8-8B4A-11D0-8D11-00A0C91BC942}") = "Transformaciones2D", "Transformaciones2D\Transformaciones2D.vcxproj", "{6011142F-479B-40F5-A52C-3E5FA3068D56}"
EndProject
Project("{8BC9CEB8-8B4A-11D0-8D11-00A0C91BC942}") = "Cubo3D", "Cubo3D\Cubo3D.vcxproj", "{9ECF9324-257E-4E01-8F76-8462D100F72F}"
EndProject
Project("{8BC9CEB8-8B4A-11D0-8D11-00A0C91BC942}") = "MidPointCircle", "MidPointCircle\MidPointCircle.vcxproj", "{C3116F8E-9806-4EE7-BC71-596BEC2585DB}"
EndProject
Global
	GlobalSection(SolutionConfigurationPlatforms) = preSolution
		Debug MX|Win32 = Debug MX|Win32
		Debug MX|x64 = Debug MX|x64
		Debug MX|x86 = Debug MX|x86
		Debug|Win32 = Debug|Win32
		Debug|x64 = Debug|x64
		Debug|x86 = Debug|x86
		MinSizeRel|Win32 = MinSizeRel|Win32
		MinSizeRel|x64 = MinSizeRel|x64
		MinSizeRel|x86 = MinSizeRel|x86
		Release MX|Win32 = Release MX|Win32
		Release MX|x64 = Release MX|x64
		Release MX|x86 = Release MX|x86
		Release|Win32 = Release|Win32
		Release|x64 = Release|x64
		Release|x86 = Release|x86
		RelWithDebInfo|Win32 = RelWithDebInfo|Win32
		RelWithDebInfo|x64 = RelWithDebInfo|x64
		RelWithDebInfo|x86 = RelWithDebInfo|x86
	EndGlobalSection
	GlobalSection(ProjectConfigurationPlatforms) = postSolution
		{0D29535B-C852-4B05-9598-E4E9BF5E230D}.Debug MX|Win32.ActiveCfg = Debug|Win32
		{0D29535B-C852-4B05-9598-E4E9BF5E230D}.Debug MX|Win32.Build.0 = Debug|Win32
		{0D29535B-C852-4B05-9598-E4E9BF5E230D}.Debug MX|x64.ActiveCfg = Debug|x64
		{0D29535B-C852-4B05-9598-E4E9BF5E230D}.Debug MX|x64.Build.0 = Debug|x64
		{0D29535B-C852-4B05-9598-E4E9BF5E230D}.Debug MX|x86.ActiveCfg = Debug|Win32
		{0D29535B-C852-4B05-9598-E4E9BF5E230D}.Debug MX|x86.Build.0 = Debug|Win32
		{0D29535B-C852-4B05-9598-E4E9BF5E230D}.Debug|Win32.ActiveCfg = Debug|Win32
		{0D29535B-C852-4B05-9598-E4E9BF5E230D}.Debug|Win32.Build.0 = Debug|Win32
		{0D29535B-C852-4B05-9598-E4E9BF5E230D}.Debug|x64.ActiveCfg = Debug|x64
		{0D29535B-C852-4B05-9598-E4E9BF5E230D}.Debug|x64.Build.0 = Debug|x64
		{0D29535B-C852-4B05-9598-E4E9BF5E230D}.Debug|x86.ActiveCfg = Debug|Win32
		{0D29535B-C852-4B05-9598-E4E9BF5E230D}.Debug|x86.Build.0 = Debug|Win32
		{0D29535B-C852-4B05-9598-E4E9BF5E230D}.MinSizeRel|Win32.ActiveCfg = Release|Win32
		{0D29535B-C852-4B05-9598-E4E9BF5E230D}.MinSizeRel|Win32.Build.0 = Release|Win32
		{0D29535B-C852-4B05-9598-E4E9BF5E230D}.MinSizeRel|x64.ActiveCfg = Release|x64
		{0D29535B-C852-4B05-9598-E4E9BF5E230D}.MinSizeRel|x64.Build.0 = Release|x64
		{0D29535B-C852-4B05-9598-E4E9BF5E230D}.MinSizeRel|x86.ActiveCfg = Release|Win32
		{0D29535B-C852-4B05-9598-E4E9BF5E230D}.MinSizeRel|x86.Build.0 = Release|Win32
		{0D29535B-C852-4B05-9598-E4E9BF5E230D}.Release MX|Win32.ActiveCfg = Release|Win32
		{0D29535B-C852-4B05-9598-E4E9BF5E230D}.Release MX|Win32.Build.0 = Release|Win32
		{0D29535B-C852-4B05-9598-E4E9BF5E230D}.Release MX|x64.ActiveCfg = Release|x64
		{0D29535B-C852-4B05-9598-E4E9BF5E230D}.Release MX|x64.Build.0 = Release|x64
		{0D29535B-C852-4B05-9598-E4E9BF5E230D}.Release MX|x86.ActiveCfg = Release|Win32
		{0D29535B-C852-4B05-9598-E4E9BF5E230D}.Release MX|x86.Build.0 = Release|Win32
		{0D29535B-C852-4B05-9598-E4E9BF5E230D}.Release|Win32.ActiveCfg = Release|Win32
		{0D29535B-C852-4B05-9598-E4E9BF5E230D}.Release|Win32.Build.0 = Release|Win32
		{0D29535B-C852-4B05-9598-E4E9BF5E230D}.Release|x64.ActiveCfg = Release|x64
		{0D29535B-C852-4B05-9598-E4E9BF5E230D}.Release|x64.Build.0 = Release|x64
		{0D29535B-C852-4B05-9598-E4E9BF5E230D}.Release|x86.ActiveCfg = Release|Win32
		{0D29535B-C852-4B05-9598-E4E9BF5E230D}.Release|x86.Build.0 = Release|Win32
		{0D29535B-C852-4B05-9598-E4E9BF5E230D}.RelWithDebInfo|Win32.ActiveCfg = Release|Win32
		{0D29535B-C852-4B05-9598-E4E9BF5E230D}.RelWithDebInfo|Win32.Build.0 = Release|Win32
		{0D29535B-C852-4B05-9598-E4E9BF5E230D}.RelWithDebInfo|x64.ActiveCfg = Release|x64
		{0D29535B-C852-4B05-9598-E4E9BF5E230D}.RelWithDebInfo|x64.Build.0 = Release|x64
		{0D29535B-C852-4B05-9598-E4E9BF5E230D}.RelWithDebInfo|x86.ActiveCfg = Release|Win32
		{0D29535B-C852-4B05-9598-E4E9BF5E230D}.RelWithDebInfo|x86.Build.0 = Release|Win32
		{55AE3D72-7DE6-F19F-AEF2-9AE8CA26CF3D}.Debug MX|Win32.ActiveCfg = Debug MX|Win32
		{55AE3D72-7DE6-F19F-AEF2-9AE8CA26CF3D}.Debug MX|Win32.Build.0 = Debug MX|Win32
		{55AE3D72-7DE6-F19F-AEF2-9AE8CA26CF3D}.Debug MX|x64.ActiveCfg = Debug MX|x64
		{55AE3D72-7DE6-F19F-AEF2-9AE8CA26CF3D}.Debug MX|x64.Build.0 = Debug MX|x64
		{55AE3D72-7DE6-F19F-AEF2-9AE8CA26CF3D}.Debug MX|x86.ActiveCfg = Debug MX|Win32
		{55AE3D72-7DE6-F19F-AEF2-9AE8CA26CF3D}.Debug MX|x86.Build.0 = Debug MX|Win32
		{55AE3D72-7DE6-F19F-AEF2-9AE8CA26CF3D}.Debug|Win32.ActiveCfg = Debug|Win32
		{55AE3D72-7DE6-F19F-AEF2-9AE8CA26CF3D}.Debug|Win32.Build.0 = Debug|Win32
		{55AE3D72-7DE6-F19F-AEF2-9AE8CA26CF3D}.Debug|x64.ActiveCfg = Debug|x64
		{55AE3D72-7DE6-F19F-AEF2-9AE8CA26CF3D}.Debug|x64.Build.0 = Debug|x64
		{55AE3D72-7DE6-F19F-AEF2-9AE8CA26CF3D}.Debug|x86.ActiveCfg = Debug|Win32
		{55AE3D72-7DE6-F19F-AEF2-9AE8CA26CF3D}.Debug|x86.Build.0 = Debug|Win32
		{55AE3D72-7DE6-F19F-AEF2-9AE8CA26CF3D}.MinSizeRel|Win32.ActiveCfg = Release|Win32
		{55AE3D72-7DE6-F19F-AEF2-9AE8CA26CF3D}.MinSizeRel|Win32.Build.0 = Release|Win32
		{55AE3D72-7DE6-F19F-AEF2-9AE8CA26CF3D}.MinSizeRel|x64.ActiveCfg = Release|x64
		{55AE3D72-7DE6-F19F-AEF2-9AE8CA26CF3D}.MinSizeRel|x64.Build.0 = Release|x64
		{55AE3D72-7DE6-F19F-AEF2-9AE8CA26CF3D}.MinSizeRel|x86.ActiveCfg = Release|Win32
		{55AE3D72-7DE6-F19F-AEF2-9AE8CA26CF3D}.MinSizeRel|x86.Build.0 = Release|Win32
		{55AE3D72-7DE6-F19F-AEF2-9AE8CA26CF3D}.Release MX|Win32.ActiveCfg = Release MX|Win32
		{55AE3D72-7DE6-F19F-AEF2-9AE8CA26CF3D}.Release MX|Win32.Build.0 = Release MX|Win32
		{55AE3D72-7DE6-F19F-AEF2-9AE8CA26CF3D}.Release MX|x64.ActiveCfg = Release MX|x64
		{55AE3D72-7DE6-F19F-AEF2-9AE8CA26CF3D}.Release MX|x64.Build.0 = Release MX|x64
		{55AE3D72-7DE6-F19F-AEF2-9AE8CA26CF3D}.Release MX|x86.ActiveCfg = Release MX|Win32
		{55AE3D72-7DE6-F19F-AEF2-9AE8CA26CF3D}.Release MX|x86.Build.0 = Release MX|Win32
		{55AE3D72-7DE6-F19F-AEF2-9AE8CA26CF3D}.Release|Win32.ActiveCfg = Release|Win32
		{55AE3D72-7DE6-F19F-AEF2-9AE8CA26CF3D}.Release|Win32.Build.0 = Release|Win32
		{55AE3D72-7DE6-F19F-AEF2-9AE8CA26CF3D}.Release|x64.ActiveCfg = Release|x64
		{55AE3D72-7DE6-F19F-AEF2-9AE8CA26CF3D}.Release|x64.Build.0 = Release|x64
		{55AE3D72-7DE6-F19F-AEF2-9AE8CA26CF3D}.Release|x86.ActiveCfg = Release|Win32
		{55AE3D72-7DE6-F19F-AEF2-9AE8CA26CF3D}.Release|x86.Build.0 = Release|Win32
		{55AE3D72-7DE6-F19F-AEF2-9AE8CA26CF3D}.RelWithDebInfo|Win32.ActiveCfg = Release|Win32
		{55AE3D72-7DE6-F19F-AEF2-9AE8CA26CF3D}.RelWithDebInfo|Win32.Build.0 = Release|Win32
		{55AE3D72-7DE6-F19F-AEF2-9AE8CA26CF3D}.RelWithDebInfo|x64.ActiveCfg = Release|x64
		{55AE3D72-7DE6-F19F-AEF2-9AE8CA26CF3D}.RelWithDebInfo|x64.Build.0 = Release|x64
		{55AE3D72-7DE6-F19F-AEF2-9AE8CA26CF3D}.RelWithDebInfo|x86.ActiveCfg = Release|Win32
		{55AE3D72-7DE6-F19F-AEF2-9AE8CA26CF3D}.RelWithDebInfo|x86.Build.0 = Release|Win32
		{7078A796-5528-4780-B71B-ABDD0955339A}.Debug MX|Win32.ActiveCfg = Debug|Win32
		{7078A796-5528-4780-B71B-ABDD0955339A}.Debug MX|Win32.Build.0 = Debug|Win32
		{7078A796-5528-4780-B71B-ABDD0955339A}.Debug MX|x64.ActiveCfg = Debug|x64
		{7078A796-5528-4780-B71B-ABDD0955339A}.Debug MX|x64.Build.0 = Debug|x64
		{7078A796-5528-4780-B71B-ABDD0955339A}.Debug MX|x86.ActiveCfg = Debug|Win32
		{7078A796-5528-4780-B71B-ABDD0955339A}.Debug MX|x86.Build.0 = Debug|Win32
		{7078A796-5528-4780-B71B-ABDD0955339A}.Debug|Win32.ActiveCfg = Debug|Win32
		{7078A796-5528-4780-B71B-ABDD0955339A}.Debug|Win32.Build.0 = Debug|Win32
		{7078A796-5528-4780-B71B-ABDD0955339A}.Debug|x64.ActiveCfg = Debug|x64
		{7078A796-5528-4780-B71B-ABDD0955339A}.Debug|x64.Build.0 = Debug|x64
		{7078A796-5528-4780-B71B-ABDD0955339A}.Debug|x86.ActiveCfg = Debug|Win32
		{7078A796-5528-4780-B71B-ABDD0955339A}.Debug|x86.Build.0 = Debug|Win32
		{7078A796-5528-4780-B71B-ABDD0955339A}.MinSizeRel|Win32.ActiveCfg = Release|Win32
		{7078A796-5528-4780-B71B-ABDD0955339A}.MinSizeRel|Win32.Build.0 = Release|Win32
		{7078A796-5528-4780-B71B-ABDD0955339A}.MinSizeRel|x64.ActiveCfg = Release|x64
		{7078A796-5528-4780-B71B-ABDD0955339A}.MinSizeRel|x64.Build.0 = Release|x64
		{7078A796-5528-4780-B71B-ABDD0955339A}.MinSizeRel|x86.ActiveCfg = Release|Win32
		{7078A796-5528-4780-B71B-ABDD0955339A}.MinSizeRel|x86.Build.0 = Release|Win32
		{7078A796-5528-4780-B71B-ABDD0955339A}.Release MX|Win32.ActiveCfg = Release|Win32
		{7078A796-5528-4780-B71B-ABDD0955339A}.Release MX|Win32.Build.0 = Release|Win32
		{7078A796-5528-4780-B71B-ABDD0955339A}.Release MX|x64.ActiveCfg = Release|x64
		{7078A796-5528-4780-B71B-ABDD0955339A}.Release MX|x64.Build.0 = Release|x64
		{7078A796-5528-4780-B71B-ABDD0955339A}.Release MX|x86.ActiveCfg = Release|Win32
		{7078A796-5528-4780-B71B-ABDD0955339A}.Release MX|x86.Build.0 = Release|Win32
		{7078A796-5528-4780-B71B-ABDD0955339A}.Release|Win32.ActiveCfg = Release|Win32
		{7078A796-5528-4780-B71B-ABDD0955339A}.Release|Win32.Build.0 = Release|Win32
		{7078A796-5528-4780-B71B-ABDD0955339A}.Release|x64.ActiveCfg = Release|x64
		{7078A796-5528-4780-B71B-ABDD0955339A}.Release|x64.Build.0 = Release|x64
		{7078A796-5528-4780-B71B-ABDD0955339A}.Release|x86.ActiveCfg = Release|Win32
		{7078A796-5528-4780-B71B-ABDD0955339A}.Release|x86.Build.0 = Release|Win32
		{7078A796-5528-4780-B71B-ABDD0955339A}.RelWithDebInfo|Win32.ActiveCfg = Release|Win32
		{7078A796-5528-4780-B71B-ABDD0955339A}.RelWithDebInfo|Win32.Build.0 = Release|Win32
		{7078A796-5528-4780-B71B-ABDD0955339A}.RelWithDebInfo|x64.ActiveCfg = Release|x64
		{7078A796-5528-4780-B71B-ABDD0955339A}.RelWithDebInfo|x64.Build.0 = Release|x64
		{7078A796-5528-4780-B71B-ABDD0955339A}.RelWithDebInfo|x86.ActiveCfg = Release|Win32
		{7078A796-5528-4780-B71B-ABDD0955339A}.RelWithDebInfo|x86.Build.0 = Release|Win32
		{426BF13C-F03E-48AF-8B7C-EC6EE3E2B4DC}.Debug MX|Win32.ActiveCfg = Debug|Win32
		{426BF13C-F03E-48AF-8B7C-EC6EE3E2B4DC}.Debug MX|Win32.Build.0 = Debug|Win32
		{426BF13C-F03E-48AF-8B7C-EC6EE3E2B4DC}.Debug MX|x64.ActiveCfg = Debug|x64
		{426BF13C-F03E-48AF-8B7C-EC6EE3E2B4DC}.Debug MX|x64.Build.0 = Debug|x64
		{426BF13C-F03E-48AF-8B7C-EC6EE3E2B4DC}.Debug MX|x86.ActiveCfg = Debug|Win32
		{426BF13C-F03E-48AF-8B7C-EC6EE3E2B4DC}.Debug MX|x86.Build.0 = Debug|Win32
		{426BF13C-F03E-48AF-8B7C-EC6EE3E2B4DC}.Debug|Win32.ActiveCfg = Debug|Win32
		{426BF13C-F03E-48AF-8B7C-EC6EE3E2B4DC}.Debug|Win32.Build.0 = Debug|Win32
		{426BF13C-F03E-48AF-8B7C-EC6EE3E2B4DC}.Debug|x64.ActiveCfg = Debug|x64
		{426BF13C-F03E-48AF-8B7C-EC6EE3E2B4DC}.Debug|x64.Build.0 = Debug|x64
		{426BF13C-F03E-48AF-8B7C-EC6EE3E2B4DC}.Debug|x86.ActiveCfg = Debug|Win32
		{426BF13C-F03E-48AF-8B7C-EC6EE3E2B4DC}.Debug|x86.Build.0 = Debug|Win32
		{426BF13C-F03E-48AF-8B7C-EC6EE3E2B4DC}.MinSizeRel|Win32.ActiveCfg = Release|Win32
		{426BF13C-F03E-48AF-8B7C-EC6EE3E2B4DC}.MinSizeRel|Win32.Build.0 = Release|Win32
		{426BF13C-F03E-48AF-8B7C-EC6EE3E2B4DC}.MinSizeRel|x64.ActiveCfg = Release|x64
		{426BF13C-F03E-48AF-8B7C-EC6EE3E2B4DC}.MinSizeRel|x64.Build.0 = Release|x64
		{426BF13C-F03E-48AF-8B7C-EC6EE3E2B4DC}.MinSizeRel|x86.ActiveCfg = Release|Win32
		{426BF13C-F03E-48AF-8B7C-EC6EE3E2B4DC}.MinSizeRel|x86.Build.0 = Release|Win32
		{426BF13C-F03E-48AF-8B7C-EC6EE3E2B4DC}.Release MX|Win32.ActiveCfg = Release|Win32
		{426BF13C-F03E-48AF-8B7C-EC6EE3E2B4DC}.Release MX|Win32.Build.0 = Release|Win32
		{426BF13C-F03E-48AF-8B7C-EC6EE3E2B4DC}.Release MX|x64.ActiveCfg = Release|x64
		{426BF13C-F03E-48AF-8B7C-EC6EE3E2B4DC}.Release MX|x64.Build.0 = Release|x64
		{426BF13C-F03E-48AF-8B7C-EC6EE3E2B4DC}.Release MX|x86.ActiveCfg = Release|Win32
		{426BF13C-F03E-48AF-8B7C-EC6EE3E2B4DC}.Release MX|x86.Build.0 = Release|Win32
		{426BF13C-F03E-48AF-8B7C-EC6EE3E2B4DC}.Release|Win32.ActiveCfg = Release|Win32
		{426BF13C-F03E-48AF-8B7C-EC6EE3E2B4DC}.Release|Win32.Build.0 = Release|Win32
		{426BF13C-F03E-48AF-8B7C-EC6EE3E2B4DC}.Release|x64.ActiveCfg = Release|x64
		{426BF13C-F03E-48AF-8B7C-EC6EE3E2B4DC}.Release|x64.Build.0 = Release|x64
		{426BF13C-F03E-48AF-8B7C-EC6EE3E2B4DC}.Release|x86.ActiveCfg = Release|Win32
		{426BF13C-F03E-48AF-8B7C-EC6EE3E2B4DC}.Release|x86.Build.0 = Release|Win32
		{426BF13C-F03E-48AF-8B7C-EC6EE3E2B4DC}.RelWithDebInfo|Win32.ActiveCfg = Release|Win32
		{426BF13C-F03E-48AF-8B7C-EC6EE3E2B4DC}.RelWithDebInfo|Win32.Build.0 = Release|Win32
		{426BF13C-F03E-48AF-8B7C-EC6EE3E2B4DC}.RelWithDebInfo|x64.ActiveCfg = Release|x64
		{426BF13C-F03E-48AF-8B7C-EC6EE3E2B4DC}.RelWithDebInfo|x64.Build.0 = Release|x64
		{426BF13C-F03E-48AF-8B7C-EC6EE3E2B4DC}.RelWithDebInfo|x86.ActiveCfg = Release|Win32
		{426BF13C-F03E-48AF-8B7C-EC6EE3E2B4DC}.RelWithDebInfo|x86.Build.0 = Release|Win32
		{670D9D78-166D-406E-952C-6B8CD787E899}.Debug MX|Win32.ActiveCfg = Debug|Win32
		{670D9D78-166D-406E-952C-6B8CD787E899}.Debug MX|Win32.Build.0 = Debug|Win32
		{670D9D78-166D-406E-952C-6B8CD787E899}.Debug MX|x64.ActiveCfg = Debug|x64
		{670D9D78-166D-406E-952C-6B8CD787E899}.Debug MX|x64.Build.0 = Debug|x64
		{670D9D78-166D-406E-952C-6B8CD787E899}.Debug MX|x86.ActiveCfg = Debug|Win32
		{670D9D78-166D-406E-952C-6B8CD787E899}.Debug MX|x86.Build.0 = Debug|Win32
		{670D9D78-166D-406E-952C-6B8CD787E899}.Debug|Win32.ActiveCfg = Debug|Win32
		{670D9D78-166D-406E-952C-6B8CD787E899}.Debug|Win32.Build.0 = Debug|Win32
		{670D9D78-166D-406E-952C-6B8CD787E899}.Debug|x64.ActiveCfg = Debug|x64
		{670D9D78-166D-406E-952C-6B8CD787E899}.Debug|x64.Build.0 = Debug|x64
		{670D9D78-166D-406E-952C-6B8CD787E899}.Debug|x86.ActiveCfg = Debug|Win32
		{670D9D78-166D-406E-952C-6B8CD787E899}.Debug|x86.Build.0 = Debug|Win32
		{670D9D78-166D-406E-952C-6B8CD787E899}.MinSizeRel|Win32.ActiveCfg = Release|Win32
		{670D9D78-166D-406E-952C-6B8CD787E899}.MinSizeRel|Win32.Build.0 = Release|Win32
		{670D9D78-166D-406E-952C-6B8CD787E899}.MinSizeRel|x64.ActiveCfg = Release|x64
		{670D9D78-166D-406E-952C-6B8CD787E899}.MinSizeRel|x64.Build.0 = Release|x64
		{670D9D78-166D-406E-952C-6B8CD787E899}.MinSizeRel|x86.ActiveCfg = Release|Win32
		{670D9D78-166D-406E-952C-6B8CD787E899}.MinSizeRel|x86.Build.0 = Release|Win32
		{670D9D78-166D-406E-952C-6B8CD787E899}.Release MX|Win32.ActiveCfg = Release|Win32
		{670D9D78-166D-406E-952C-6B8CD787E899}.Release MX|Win32.Build.0 = Release|Win32
		{670D9D78-166D-406E-952C-6B8CD787E899}.Release MX|x64.ActiveCfg = Release|x64
		{670D9D78-166D-406E-952C-6B8CD787E899}.Release MX|x64.Build.0 = Release|x64
		{670D9D78-166D-406E-952C-6B8CD787E899}.Release MX|x86.ActiveCfg = Release|Win32
		{670D9D78-166D-406E-952C-6B8CD787E899}.Release MX|x86.Build.0 = Release|Win32
		{670D9D78-166D-406E-952C-6B8CD787E899}.Release|Win32.ActiveCfg = Release|Win32
		{670D9D78-166D-406E-952C-6B8CD787E899}.Release|Win32.Build.0 = Release|Win32
		{670D9D78-166D-406E-952C-6B8CD787E899}.Release|x64.ActiveCfg = Release|x64
		{670D9D78-166D-406E-952C-6B8CD787E899}.Release|x64.Build.0 = Release|x64
		{670D9D78-166D-406E-952C-6B8CD787E899}.Release|x86.ActiveCfg = Release|Win32
		{670D9D78-166D-406E-952C-6B8CD787E899}.Release|x86.Build.0 = Release|Win32
		{670D9D78-166D-406E-952C-6B8CD787E899}.RelWithDebInfo|Win32.ActiveCfg = Release|Win32
		{670D9D78-166D-406E-952C-6B8CD787E899}.RelWithDebInfo|Win32.Build.0 = Release|Win32
		{670D9D78-166D-406E-952C-6B8CD787E899}.RelWithDebInfo|x64.ActiveCfg = Release|x64
		{670D9D78-166D-406E-952C-6B8CD787E899}.RelWithDebInfo|x64.Build.0 = Release|x64
		{670D9D78-166D-406E-952C-6B8CD787E899}.RelWithDebInfo|x86.ActiveCfg = Release|Win32
		{670D9D78-166D-406E-952C-6B8CD787E899}.RelWithDebInfo|x86.Build.0 = Release|Win32
		{99142492-8D91-4E88-B6DC-4293F79141B6}.Debug MX|Win32.ActiveCfg = Debug|Win32
		{99142492-8D91-4E88-B6DC-4293F79141B6}.Debug MX|Win32.Build.0 = Debug|Win32
		{99142492-8D91-4E88-B6DC-4293F79141B6}.Debug MX|x64.ActiveCfg = Debug|x64
		{99142492-8D91-4E88-B6DC-4293F79141B6}.Debug MX|x64.Build.0 = Debug|x64
		{99142492-8D91-4E88-B6DC-4293F79141B6}.Debug MX|x86.ActiveCfg = Debug|Win32
		{99142492-8D91-4E88-B6DC-4293F79141B6}.Debug MX|x86.Build.0 = Debug|Win32
		{99142492-8D91-4E88-B6DC-4293F79141B6}.Debug|Win32.ActiveCfg = Debug|Win32
		{99142492-8D91-4E88-B6DC-4293F79141B6}.Debug|Win32.Build.0 = Debug|Win32
		{99142492-8D91-4E88-B6DC-4293F79141B6}.Debug|x64.ActiveCfg = Debug|x64
		{99142492-8D91-4E88-B6DC-4293F79141B6}.Debug|x64.Build.0 = Debug|x64
		{99142492-8D91-4E88-B6DC-4293F79141B6}.Debug|x86.ActiveCfg = Debug|Win32
		{99142492-8D91-4E88-B6DC-4293F79141B6}.Debug|x86.Build.0 = Debug|Win32
		{99142492-8D91-4E88-B6DC-4293F79141B6}.MinSizeRel|Win32.ActiveCfg = Release|Win32
		{99142492-8D91-4E88-B6DC-4293F79141B6}.MinSizeRel|Win32.Build.0 = Release|Win32
		{99142492-8D91-4E88-B6DC-4293F79141B6}.MinSizeRel|x64.ActiveCfg = Release|x64
		{99142492-8D91-4E88-B6DC-4293F79141B6}.MinSizeRel|x64.Build.0 = Release|x64
		{99142492-8D91-4E88-B6DC-4293F79141B6}.MinSizeRel|x86.ActiveCfg = Release|Win32
		{99142492-8D91-4E88-B6DC-4293F79141B6}.MinSizeRel|x86.Build.0 = Release|Win32
		{99142492-8D91-4E88-B6DC-4293F79141B6}.Release MX|Win32.ActiveCfg = Release|Win32
		{99142492-8D91-4E88-B6DC-4293F79141B6}.Release MX|Win32.Build.0 = Release|Win32
		{99142492-8D91-4E88-B6DC-4293F79141B6}.Release MX|x64.ActiveCfg = Release|x64
		{99142492-8D91-4E88-B6DC-4293F79141B6}.Release MX|x64.Build.0 = Release|x64
		{99142492-8D91-4E88-B6DC-4293F79141B6}.Release MX|x86.ActiveCfg = Release|Win32
		{99142492-8D91-4E88-B6DC-4293F79141B6}.Release MX|x86.Build.0 = Release|Win32
		{99142492-8D91-4E88-B6DC-4293F79141B6}.Release|Win32.ActiveCfg = Release|Win32
		{99142492-8D91-4E88-B6DC-4293F79141B6}.Release|Win32.Build.0 = Release|Win32
		{99142492-8D91-4E88-B6DC-4293F79141B6}.Release|x64.ActiveCfg = Release|x64
		{99142492-8D91-4E88-B6DC-4293F79141B6}.Release|x64.Build.0 = Release|x64
		{99142492-8D91-4E88-B6DC-4293F79141B6}.Release|x86.ActiveCfg = Release|Win32
		{99142492-8D91-4E88-B6DC-4293F79141B6}.Release|x86.Build.0 = Release|Win32
		{99142492-8D91-4E88-B6DC-4293F79141B6}.RelWithDebInfo|Win32.ActiveCfg = Release|Win32
		{99142492-8D91-4E88-B6DC-4293F79141B6}.RelWithDebInfo|Win32.Build.0 = Release|Win32
		{99142492-8D91-4E88-B6DC-4293F79141B6}.RelWithDebInfo|x64.ActiveCfg = Release|x64
		{99142492-8D91-4E88-B6DC-4293F79141B6}.RelWithDebInfo|x64.Build.0 = Release|x64
		{99142492-8D91-4E88-B6DC-4293F79141B6}.RelWithDebInfo|x86.ActiveCfg = Release|Win32
		{99142492-8D91-4E88-B6DC-4293F79141B6}.RelWithDebInfo|x86.Build.0 = Release|Win32
		{6011142F-479B-40F5-A52C-3E5FA3068D56}.Debug MX|Win32.ActiveCfg = Debug|Win32
		{6011142F-479B-40F5-A52C-3E5FA3068D56}.Debug MX|Win32.Build.0 = Debug|Win32
		{6011142F-479B-40F5-A52C-3E5FA3068D56}.Debug MX|x64.ActiveCfg = Debug|x64
		{6011142F-479B-40F5-A52C-3E5FA3068D56}.Debug MX|x64.Build.0 = Debug|x64
		{6011142F-479B-40F5-A52C-3E5FA3068D56}.Debug MX|x86.ActiveCfg = Debug|Win32
		{6011142F-479B-40F5-A52C-3E5FA3068D56}.Debug MX|x86.Build.0 = Debug|Win32
		{6011142F-479B-40F5-A52C-3E5FA3068D56}.Debug|Win32.ActiveCfg = Debug|Win32
		{6011142F-479B-40F5-A52C-3E5FA3068D56}.Debug|Win32.Build.0 = Debug|Win32
		{6011142F-479B-40F5-A52C-3E5FA3068D56}.Debug|x64.ActiveCfg = Debug|x64
		{6011142F-479B-40F5-A52C-3E5FA3068D56}.Debug|x64.Build.0 = Debug|x64
		{6011142F-479B-40F5-A52C-3E5FA3068D56}.Debug|x86.ActiveCfg = Debug|Win32
		{6011142F-479B-40F5-A52C-3E5FA3068D56}.Debug|x86.Build.0 = Debug|Win32
		{6011142F-479B-40F5-A52C-3E5FA3068D56}.MinSizeRel|Win32.ActiveCfg = Release|Win32
		{6011142F-479B-40F5-A52C-3E5FA3068D56}.MinSizeRel|Win32.Build.0 = Release|Win32
		{6011142F-479B-40F5-A52C-3E5FA3068D56}.MinSizeRel|x64.ActiveCfg = Release|x64
		{6011142F-479B-40F5-A52C-3E5FA3068D56}.MinSizeRel|x64.Build.0 = Release|x64
		{6011142F-479B-40F5-A52C-3E5FA3068D56}.MinSizeRel|x86.ActiveCfg = Release|Win32
		{6011142F-479B-40F5-A52C-3E5FA3068D56}.MinSizeRel|x86.Build.0 = Release|Win32
		{6011142F-479B-40F5-A52C-3E5FA3068D56}.Release MX|Win32.ActiveCfg = Release|Win32
		{6011142F-479B-40F5-A52C-3E5FA3068D56}.Release MX|Win32.Build.0 = Release|Win32
		{6011142F-479B-40F5-A52C-3E5FA3068D56}.Release MX|x64.ActiveCfg = Release|x64
		{6011142F-479B-40F5-A52C-3E5FA3068D56}.Release MX|x64.Build.0 = Release|x64
		{6011142F-479B-40F5-A52C-3E5FA3068D56}.Release MX|x86.ActiveCfg = Release|Win32
		{6011142F-479B-40F5-A52C-3E5FA3068D56}.Release MX|x86.Build.0 = Release|Win32
		{6011142F-479B-40F5-A52C-3E5FA3068D56}.Release|Win32.ActiveCfg = Release|Win32
		{6011142F-479B-40F5-A52C-3E5FA3068D56}.Release|Win32.Build.0 = Release|Win32
		{6011142F-479B-40F5-A52C-3E5FA3068D56}.Release|x64.ActiveCfg = Release|x64
		{6011142F-479B-40F5-A52C-3E5FA3068D56}.Release|x64.Build.0 = Release|x64
		{6011142F-479B-40F5-A52C-3E5FA3068D56}.Release|x86.ActiveCfg = Release|Win32
		{6011142F-479B-40F5-A52C-3E5FA3068D56}.Release|x86.Build.0 = Release|Win32
		{6011142F-479B-40F5-A52C-3E5FA3068D56}.RelWithDebInfo|Win32.ActiveCfg = Release|Win32
		{6011142F-479B-40F5-A52C-3E5FA3068D56}.RelWithDebInfo|Win32.Build.0 = Release|Win32
		{6011142F-479B-40F5-A52C-3E5FA3068D56}.RelWithDebInfo|x64.ActiveCfg = Release|x64
		{6011142F-479B-40F5-A52C-3E5FA3068D56}.RelWithDebInfo|x64.Build.0 = Release|x64
		{6011142F-479B-40F5-A52C-3E5FA3068D56}.RelWithDebInfo|x86.ActiveCfg = Release|Win32
		{6011142F-479B-40F5-A52C-3E5FA3068D56}.RelWithDebInfo|x86.Build.0 = Release|Win32
		{9ECF9324-257E-4E01-8F76-8462D100F72F}.Debug MX|Win32.ActiveCfg = Debug|Win32
		{9ECF9324-257E-4E01-8F76-8462D100F72F}.Debug MX|Win32.Build.0 = Debug|Win32
		{9ECF9324-257E-4E01-8F76-8462D100F72F}.Debug MX|x64.ActiveCfg = Debug|x64
		{9ECF9324-257E-4E01-8F76-8462D100F72F}.Debug MX|x64.Build.0 = Debug|x64
		{9ECF9324-257E-4E01-8F76-8462D100F72F}.Debug MX|x86.ActiveCfg = Debug|Win32
		{9ECF9324-257E-4E01-8F76-8462D100F72F}.Debug MX|x86.Build.0 = Debug|Win32
		{9ECF9324-257E-4E01-8F76-8462D100F72F}.Debug|Win32.ActiveCfg = Debug|Win32
		{9ECF9324-257E-4E01-8F76-8462D100F72F}.Debug|Win32.Build.0 = Debug|Win32
		{9ECF9324-257E-4E01-8F76-8462D100F72F}.Debug|x64.ActiveCfg = Debug|x64
		{9ECF9324-257E-4E01-8F76-8462D100F72F}.Debug|x64.Build.0 = Debug|x64
		{9ECF9324-257E-4E01-8F76-8462D100F72F}.Debug|x86.ActiveCfg = Debug|Win32
		{9ECF9324-257E-4E01-8F76-8462D100F72F}.Debug|x86.Build.0 = Debug|Win32
		{9ECF9324-257E-4E01-8F76-8462D100F72F}.MinSizeRel|Win32.ActiveCfg = Release|Win32
		{9ECF9324-257E-4E01-8F76-8462D100F72F}.MinSizeRel|Win32.Build.0 = Release|Win32
		{9ECF9324-257E-4E01-8F76-8462D100F72F}.MinSizeRel|x64.ActiveCfg = Release|x64
		{9ECF9324-257E-4E01-8F76-8462D100F72F}.MinSizeRel|x64.Build.0 = Release|x64
		{9ECF9324-257E-4E01-8F76-8462D100F72F}.MinSizeRel|x86.ActiveCfg = Release|Win32
		{9ECF9324-257E-4E01-8F76-8462D100F72F}.MinSizeRel|x86.Build.0 = Release|Win32
		{9ECF9324-257E-4E01-8F76-8462D100F72F}.Release MX|Win32.ActiveCfg = Release|Win32
		{9ECF9324-257E-4E01-8F76-8462D100F72F}.Release MX|Win32.Build.0 = Release|Win32
		{9ECF9324-257E-4E01-8F76-8462D100F72F}.Release MX|x64.ActiveCfg = Release|x64
		{9ECF9324-257E-4E01-8F76-8462D100F72F}.Release MX|x64.Build.0 = Release|x64
		{9ECF9324-257E-4E01-8F76-8462D100F72F}.Release MX|x86.ActiveCfg = Release|Win32
		{9ECF9324-257E-4E01-8F76-8462D100F72F}.Release MX|x86.Build.0 = Release|Win32
		{9ECF9324-257E-4E01-8F76-8462D100F72F}.Release|Win32.ActiveCfg = Release|Win32
		{9ECF9324-257E-4E01-8F76-8462D100F72F}.Release|Win32.Build.0 = Release|Win32
		{9ECF9324-257E-4E01-8F76-8462D100F72F}.Release|x64.ActiveCfg = Release|x64
		{9ECF9324-257E-4E01-8F76-8462D100F72F}.Release|x64.Build.0 = Release|x64
		{9ECF9324-257E-4E01-8F76-8462D100F72F}.Release|x86.ActiveCfg = Release|Win32
		{9ECF9324-257E-4E01-8F76-8462D100F72F}.Release|x86.Build.0 = Release|Win32
		{9ECF9324-257E-4E01-8F76-8462D100F72F}.RelWithDebInfo|Win32.ActiveCfg = Release|Win32
		{9ECF9324-257E-4E01-8F76-8462D100F72F}.RelWithDebInfo|Win32.Build.0 = Release|Win32
		{9ECF9324-257E-4E01-8F76-8462D100F72F}.RelWithDebInfo|x64.ActiveCfg = Release|x64
		{9ECF9324-257E-4E01-8F76-8462D100F72F}.RelWithDebInfo|x64.Build.0 = Release|x64
		{9ECF9324-257E-4E01-8F76-8462D100F72F}.RelWithDebInfo|x86.ActiveCfg = Release|Win32
		{9ECF9324-257E-4E01-8F76-8462D100F72F}.RelWithDebInfo|x86.Build.0 = Release|Win32
		{C3116F8E-9806-4EE7-BC71-596BEC2585DB}.Debug MX|Win32.ActiveCfg = Debug|Win32
		{C3116F8E-9806-4EE7-BC71-596BEC2585DB}.Debug MX|Win32.Build.0 = Debug|Win32
		{C3116F8E-9806-4EE7-BC71-596BEC2585DB}.Debug MX|x64.ActiveCfg = Debug|x64
		{C3116F8E-9806-4EE7-BC71-596BEC2585DB}.Debug MX|x64.Build.0 = Debug|x64
		{C3116F8E-9806-4EE7-BC71-596BEC2585DB}.Debug MX|x86.ActiveCfg = Debug|Win32
		{C3116F8E-9806-4EE7-BC71-596BEC2585DB}.Debug MX|x86.Build.0 = Debug|Win32
		{C3116F8E-9806-4EE7-BC71-596BEC2585DB}.Debug|Win32.ActiveCfg = Debug|Win32
		{C3116F8E-9806-4EE7-BC71-596BEC2585DB}.Debug|Win32.Build.0 = Debug|Win32
		{C3116F8E-9806-4EE7-BC71-596BEC2585DB}.Debug|x64.ActiveCfg = Debug|x64
		{C3116F8E-9806-4EE7-BC71-596BEC2585DB}.Debug|x64.Build.0 = Debug|x64
		{C3116F8E-9806-4EE7-BC71-596BEC2585DB}.Debug|x86.ActiveCfg = Debug|Win32
		{C3116F8E-9806-4EE7-BC71-596BEC2585DB}.Debug|x86.Build.0 = Debug|Win32
		{C3116F8E-9806-4EE7-BC71-596BEC2585DB}.MinSizeRel|Win32.ActiveCfg = Release|Win32
		{C3116F8E-9806-4EE7-BC71-596BEC2585DB}.MinSizeRel|Win32.Build.0 = Release|Win32
		{C3116F8E-9806-4EE7-BC71-596BEC2585DB}.MinSizeRel|x64.ActiveCfg = Release|x64
		{C3116F8E-9806-4EE7-BC71-596BEC2585DB}.MinSizeRel|x64.Build.0 = Release|x64
		{C3116F8E-9806-4EE7-BC71-596BEC2585DB}.MinSizeRel|x86.ActiveCfg = Release|Win32
		{C3116F8E-9806-4EE7-BC71-596BEC2585DB}.MinSizeRel|x86.Build.0 = Release|Win32
		{C3116F8E-9806-4EE7-BC71-596BEC2585DB}.Release MX|Win32.ActiveCfg = Release|Win32
		{C3116F8E-9806-4EE7-BC71-596BEC2585DB}.Release MX|Win32.Build.0 = Release|Win32
		{C3116F8E-9806-4EE7-BC71-596BEC2585DB}.Release MX|x64.ActiveCfg = Release|x64
		{C3116F8E-9806-4EE7-BC71-596BEC2585DB}.Release MX|x64.Build.0 = Release|x64
		{C3116F8E-9806-4EE7-BC71-596BEC2585DB}.Release MX|x86.ActiveCfg = Release|Win32
		{C3116F8E-9806-4EE7-BC71-596BEC2585DB}.Release MX|x86.Build.0 = Release|Win32
		{C3116F8E-9806-4EE7-BC71-596BEC2585DB}.Release|Win32.ActiveCfg = Release|Win32
		{C3116F8E-9806-4EE7-BC71-596BEC2585DB}.Release|Win32.Build.0 = Release|Win32
		{C3116F8E-9806-4EE7-BC71-596BEC2585DB}.Release|x64.ActiveCfg = Release|x64
		{C3116F8E-9806-4EE7-BC71-596BEC2585DB}.Release|x64.Build.0 = Release|x64
		{C3116F8E-9806-4EE7-BC71-596BEC2585DB}.Release|x86.ActiveCfg = Release|Win32
		{C3116F8E-9806-4EE7-BC71-596BEC2585DB}.Release|x86.Build.0 = Release|Win32
		{C3116F8E-9806-4EE7-BC71-596BEC2585DB}.RelWithDebInfo|Win32.ActiveCfg = Release|Win32
		{C3116F8E-9806-4EE7-BC71-596BEC2585DB}.RelWithDebInfo|Win32.Build.0 = Release|Win32
		{C3116F8E-9806-4EE7-BC71-596BEC2585DB}.RelWithDebInfo|x64.ActiveCfg = Release|x64
		{C3116F8E-9806-4EE7-BC71-596BEC2585DB}.RelWithDebInfo|x64.Build.0 = Release|x64
		{C3116F8E-9806-4EE7-BC71-596BEC2585DB}.RelWithDebInfo|x86.ActiveCfg = Release|Win32
		{C3116F8E-9806-4EE7-BC71-596BEC2585DB}.RelWithDebInfo|x86.Build.0 = Release|Win32
	EndGlobalSection
	GlobalSection(SolutionProperties) = preSolution
		HideSolutionNode = FALSE
	EndGlobalSection
	GlobalSection(ExtensibilityGlobals) = postSolution
		SolutionGuid = {32770676-636C-405D-83D0-E2907E707355}
	EndGlobalSection
EndGlobal
